// !$*UTF8*$!
{
	archiveVersion = 1;
	classes = {
	};
	objectVersion = 56;
	objects = {

/* Begin PBXBuildFile section */
		FCBA805B2C789CBB0082BF2C /* AppDelegate.swift in Sources */ = {isa = PBXBuildFile; fileRef = FCBA805A2C789CBB0082BF2C /* AppDelegate.swift */; };
		FCBA805D2C789CBB0082BF2C /* SceneDelegate.swift in Sources */ = {isa = PBXBuildFile; fileRef = FCBA805C2C789CBB0082BF2C /* SceneDelegate.swift */; };
		FCBA805F2C789CBB0082BF2C /* ViewController.swift in Sources */ = {isa = PBXBuildFile; fileRef = FCBA805E2C789CBB0082BF2C /* ViewController.swift */; };
		FCBA80642C789CBD0082BF2C /* Assets.xcassets in Resources */ = {isa = PBXBuildFile; fileRef = FCBA80632C789CBD0082BF2C /* Assets.xcassets */; };
		FCBA80672C789CBD0082BF2C /* Base in Resources */ = {isa = PBXBuildFile; fileRef = FCBA80662C789CBD0082BF2C /* Base */; };
		FCBA806F2C78A4F10082BF2C /* HeaderLabel.swift in Sources */ = {isa = PBXBuildFile; fileRef = FCBA806E2C78A4F10082BF2C /* HeaderLabel.swift */; };
		FCBA80722C78A9CB0082BF2C /* HeaderCard.swift in Sources */ = {isa = PBXBuildFile; fileRef = FCBA80712C78A9CB0082BF2C /* HeaderCard.swift */; };
		FCBA80742C78ABF60082BF2C /* DescriptionLabel.swift in Sources */ = {isa = PBXBuildFile; fileRef = FCBA80732C78ABF60082BF2C /* DescriptionLabel.swift */; };
		FCBA80782C78DD540082BF2C /* HeaderCardModel.swift in Sources */ = {isa = PBXBuildFile; fileRef = FCBA80772C78DD540082BF2C /* HeaderCardModel.swift */; };
		FCBA807A2C78E9A90082BF2C /* ServiceCard.swift in Sources */ = {isa = PBXBuildFile; fileRef = FCBA80792C78E9A90082BF2C /* ServiceCard.swift */; };
		FCBA807C2C7A4BA60082BF2C /* ServicesCardModel.swift in Sources */ = {isa = PBXBuildFile; fileRef = FCBA807B2C7A4BA60082BF2C /* ServicesCardModel.swift */; };
		FCBA807E2C7A6AF90082BF2C /* ApartmentCard.swift in Sources */ = {isa = PBXBuildFile; fileRef = FCBA807D2C7A6AF90082BF2C /* ApartmentCard.swift */; };
		FCBA80802C7BC34E0082BF2C /* UIView + Ext.swift in Sources */ = {isa = PBXBuildFile; fileRef = FCBA807F2C7BC34E0082BF2C /* UIView + Ext.swift */; };
/* End PBXBuildFile section */

/* Begin PBXFileReference section */
		FCBA80572C789CBB0082BF2C /* layout#2Build.app */ = {isa = PBXFileReference; explicitFileType = wrapper.application; includeInIndex = 0; path = "layout#2Build.app"; sourceTree = BUILT_PRODUCTS_DIR; };
		FCBA805A2C789CBB0082BF2C /* AppDelegate.swift */ = {isa = PBXFileReference; lastKnownFileType = sourcecode.swift; path = AppDelegate.swift; sourceTree = "<group>"; };
		FCBA805C2C789CBB0082BF2C /* SceneDelegate.swift */ = {isa = PBXFileReference; lastKnownFileType = sourcecode.swift; path = SceneDelegate.swift; sourceTree = "<group>"; };
		FCBA805E2C789CBB0082BF2C /* ViewController.swift */ = {isa = PBXFileReference; lastKnownFileType = sourcecode.swift; path = ViewController.swift; sourceTree = "<group>"; };
		FCBA80632C789CBD0082BF2C /* Assets.xcassets */ = {isa = PBXFileReference; lastKnownFileType = folder.assetcatalog; path = Assets.xcassets; sourceTree = "<group>"; };
		FCBA80662C789CBD0082BF2C /* Base */ = {isa = PBXFileReference; lastKnownFileType = file.storyboard; name = Base; path = Base.lproj/LaunchScreen.storyboard; sourceTree = "<group>"; };
		FCBA80682C789CBD0082BF2C /* Info.plist */ = {isa = PBXFileReference; lastKnownFileType = text.plist.xml; path = Info.plist; sourceTree = "<group>"; };
		FCBA806E2C78A4F10082BF2C /* HeaderLabel.swift */ = {isa = PBXFileReference; lastKnownFileType = sourcecode.swift; path = HeaderLabel.swift; sourceTree = "<group>"; };
		FCBA80712C78A9CB0082BF2C /* HeaderCard.swift */ = {isa = PBXFileReference; lastKnownFileType = sourcecode.swift; path = HeaderCard.swift; sourceTree = "<group>"; };
		FCBA80732C78ABF60082BF2C /* DescriptionLabel.swift */ = {isa = PBXFileReference; lastKnownFileType = sourcecode.swift; path = DescriptionLabel.swift; sourceTree = "<group>"; };
		FCBA80772C78DD540082BF2C /* HeaderCardModel.swift */ = {isa = PBXFileReference; lastKnownFileType = sourcecode.swift; path = HeaderCardModel.swift; sourceTree = "<group>"; };
		FCBA80792C78E9A90082BF2C /* ServiceCard.swift */ = {isa = PBXFileReference; lastKnownFileType = sourcecode.swift; path = ServiceCard.swift; sourceTree = "<group>"; };
		FCBA807B2C7A4BA60082BF2C /* ServicesCardModel.swift */ = {isa = PBXFileReference; lastKnownFileType = sourcecode.swift; path = ServicesCardModel.swift; sourceTree = "<group>"; };
		FCBA807D2C7A6AF90082BF2C /* ApartmentCard.swift */ = {isa = PBXFileReference; lastKnownFileType = sourcecode.swift; path = ApartmentCard.swift; sourceTree = "<group>"; };
		FCBA807F2C7BC34E0082BF2C /* UIView + Ext.swift */ = {isa = PBXFileReference; lastKnownFileType = sourcecode.swift; path = "UIView + Ext.swift"; sourceTree = "<group>"; };
/* End PBXFileReference section */

/* Begin PBXFrameworksBuildPhase section */
		FCBA80542C789CBB0082BF2C /* Frameworks */ = {
			isa = PBXFrameworksBuildPhase;
			buildActionMask = 2147483647;
			files = (
			);
			runOnlyForDeploymentPostprocessing = 0;
		};
/* End PBXFrameworksBuildPhase section */

/* Begin PBXGroup section */
		FCBA804E2C789CBB0082BF2C = {
			isa = PBXGroup;
			children = (
				FCBA80592C789CBB0082BF2C /* layout#2Build */,
				FCBA80582C789CBB0082BF2C /* Products */,
			);
			sourceTree = "<group>";
		};
		FCBA80582C789CBB0082BF2C /* Products */ = {
			isa = PBXGroup;
			children = (
				FCBA80572C789CBB0082BF2C /* layout#2Build.app */,
			);
			name = Products;
			sourceTree = "<group>";
		};
		FCBA80592C789CBB0082BF2C /* layout#2Build */ = {
			isa = PBXGroup;
			children = (
				FCBA80812C7BC49B0082BF2C /* App */,
				FCBA80762C78DD370082BF2C /* Model */,
				FCBA80702C78A7D40082BF2C /* View */,
				FCBA805E2C789CBB0082BF2C /* ViewController.swift */,
				FCBA807F2C7BC34E0082BF2C /* UIView + Ext.swift */,
				FCBA80632C789CBD0082BF2C /* Assets.xcassets */,
				FCBA80652C789CBD0082BF2C /* LaunchScreen.storyboard */,
				FCBA80682C789CBD0082BF2C /* Info.plist */,
			);
			path = "layout#2Build";
			sourceTree = "<group>";
		};
		FCBA80702C78A7D40082BF2C /* View */ = {
			isa = PBXGroup;
			children = (
				FCBA80752C78ABFE0082BF2C /* Label */,
				FCBA80712C78A9CB0082BF2C /* HeaderCard.swift */,
				FCBA80792C78E9A90082BF2C /* ServiceCard.swift */,
				FCBA807D2C7A6AF90082BF2C /* ApartmentCard.swift */,
			);
			path = View;
			sourceTree = "<group>";
		};
		FCBA80752C78ABFE0082BF2C /* Label */ = {
			isa = PBXGroup;
			children = (
				FCBA806E2C78A4F10082BF2C /* HeaderLabel.swift */,
				FCBA80732C78ABF60082BF2C /* DescriptionLabel.swift */,
			);
			path = Label;
			sourceTree = "<group>";
		};
		FCBA80762C78DD370082BF2C /* Model */ = {
			isa = PBXGroup;
			children = (
				FCBA80772C78DD540082BF2C /* HeaderCardModel.swift */,
				FCBA807B2C7A4BA60082BF2C /* ServicesCardModel.swift */,
			);
			path = Model;
			sourceTree = "<group>";
		};
		FCBA80812C7BC49B0082BF2C /* App */ = {
			isa = PBXGroup;
			children = (
				FCBA805A2C789CBB0082BF2C /* AppDelegate.swift */,
				FCBA805C2C789CBB0082BF2C /* SceneDelegate.swift */,
			);
			path = App;
			sourceTree = "<group>";
		};
/* End PBXGroup section */

/* Begin PBXNativeTarget section */
		FCBA80562C789CBB0082BF2C /* layout#2Build */ = {
			isa = PBXNativeTarget;
			buildConfigurationList = FCBA806B2C789CBD0082BF2C /* Build configuration list for PBXNativeTarget "layout#2Build" */;
			buildPhases = (
				FCBA80532C789CBB0082BF2C /* Sources */,
				FCBA80542C789CBB0082BF2C /* Frameworks */,
				FCBA80552C789CBB0082BF2C /* Resources */,
			);
			buildRules = (
			);
			dependencies = (
			);
			name = "layout#2Build";
			productName = "layout#2Build";
			productReference = FCBA80572C789CBB0082BF2C /* layout#2Build.app */;
			productType = "com.apple.product-type.application";
		};
/* End PBXNativeTarget section */

/* Begin PBXProject section */
		FCBA804F2C789CBB0082BF2C /* Project object */ = {
			isa = PBXProject;
			attributes = {
				BuildIndependentTargetsInParallel = 1;
				LastSwiftUpdateCheck = 1540;
				LastUpgradeCheck = 1540;
				TargetAttributes = {
					FCBA80562C789CBB0082BF2C = {
						CreatedOnToolsVersion = 15.4;
					};
				};
			};
			buildConfigurationList = FCBA80522C789CBB0082BF2C /* Build configuration list for PBXProject "layout#2Build" */;
			compatibilityVersion = "Xcode 14.0";
			developmentRegion = en;
			hasScannedForEncodings = 0;
			knownRegions = (
				en,
				Base,
			);
			mainGroup = FCBA804E2C789CBB0082BF2C;
			productRefGroup = FCBA80582C789CBB0082BF2C /* Products */;
			projectDirPath = "";
			projectRoot = "";
			targets = (
				FCBA80562C789CBB0082BF2C /* layout#2Build */,
			);
		};
/* End PBXProject section */

/* Begin PBXResourcesBuildPhase section */
		FCBA80552C789CBB0082BF2C /* Resources */ = {
			isa = PBXResourcesBuildPhase;
			buildActionMask = 2147483647;
			files = (
				FCBA80642C789CBD0082BF2C /* Assets.xcassets in Resources */,
				FCBA80672C789CBD0082BF2C /* Base in Resources */,
			);
			runOnlyForDeploymentPostprocessing = 0;
		};
/* End PBXResourcesBuildPhase section */

/* Begin PBXSourcesBuildPhase section */
		FCBA80532C789CBB0082BF2C /* Sources */ = {
			isa = PBXSourcesBuildPhase;
			buildActionMask = 2147483647;
			files = (
				FCBA807E2C7A6AF90082BF2C /* ApartmentCard.swift in Sources */,
				FCBA80782C78DD540082BF2C /* HeaderCardModel.swift in Sources */,
				FCBA805F2C789CBB0082BF2C /* ViewController.swift in Sources */,
				FCBA80802C7BC34E0082BF2C /* UIView + Ext.swift in Sources */,
				FCBA806F2C78A4F10082BF2C /* HeaderLabel.swift in Sources */,
				FCBA80722C78A9CB0082BF2C /* HeaderCard.swift in Sources */,
				FCBA80742C78ABF60082BF2C /* DescriptionLabel.swift in Sources */,
				FCBA805B2C789CBB0082BF2C /* AppDelegate.swift in Sources */,
				FCBA807C2C7A4BA60082BF2C /* ServicesCardModel.swift in Sources */,
				FCBA805D2C789CBB0082BF2C /* SceneDelegate.swift in Sources */,
				FCBA807A2C78E9A90082BF2C /* ServiceCard.swift in Sources */,
			);
			runOnlyForDeploymentPostprocessing = 0;
		};
/* End PBXSourcesBuildPhase section */

/* Begin PBXVariantGroup section */
		FCBA80652C789CBD0082BF2C /* LaunchScreen.storyboard */ = {
			isa = PBXVariantGroup;
			children = (
				FCBA80662C789CBD0082BF2C /* Base */,
			);
			name = LaunchScreen.storyboard;
			sourceTree = "<group>";
		};
/* End PBXVariantGroup section */

/* Begin XCBuildConfiguration section */
		FCBA80692C789CBD0082BF2C /* Debug */ = {
			isa = XCBuildConfiguration;
			buildSettings = {
				ALWAYS_SEARCH_USER_PATHS = NO;
				ASSETCATALOG_COMPILER_GENERATE_SWIFT_ASSET_SYMBOL_EXTENSIONS = YES;
				CLANG_ANALYZER_NONNULL = YES;
				CLANG_ANALYZER_NUMBER_OBJECT_CONVERSION = YES_AGGRESSIVE;
				CLANG_CXX_LANGUAGE_STANDARD = "gnu++20";
				CLANG_ENABLE_MODULES = YES;
				CLANG_ENABLE_OBJC_ARC = YES;
				CLANG_ENABLE_OBJC_WEAK = YES;
				CLANG_WARN_BLOCK_CAPTURE_AUTORELEASING = YES;
				CLANG_WARN_BOOL_CONVERSION = YES;
				CLANG_WARN_COMMA = YES;
				CLANG_WARN_CONSTANT_CONVERSION = YES;
				CLANG_WARN_DEPRECATED_OBJC_IMPLEMENTATIONS = YES;
				CLANG_WARN_DIRECT_OBJC_ISA_USAGE = YES_ERROR;
				CLANG_WARN_DOCUMENTATION_COMMENTS = YES;
				CLANG_WARN_EMPTY_BODY = YES;
				CLANG_WARN_ENUM_CONVERSION = YES;
				CLANG_WARN_INFINITE_RECURSION = YES;
				CLANG_WARN_INT_CONVERSION = YES;
				CLANG_WARN_NON_LITERAL_NULL_CONVERSION = YES;
				CLANG_WARN_OBJC_IMPLICIT_RETAIN_SELF = YES;
				CLANG_WARN_OBJC_LITERAL_CONVERSION = YES;
				CLANG_WARN_OBJC_ROOT_CLASS = YES_ERROR;
				CLANG_WARN_QUOTED_INCLUDE_IN_FRAMEWORK_HEADER = YES;
				CLANG_WARN_RANGE_LOOP_ANALYSIS = YES;
				CLANG_WARN_STRICT_PROTOTYPES = YES;
				CLANG_WARN_SUSPICIOUS_MOVE = YES;
				CLANG_WARN_UNGUARDED_AVAILABILITY = YES_AGGRESSIVE;
				CLANG_WARN_UNREACHABLE_CODE = YES;
				CLANG_WARN__DUPLICATE_METHOD_MATCH = YES;
				COPY_PHASE_STRIP = NO;
				DEBUG_INFORMATION_FORMAT = dwarf;
				ENABLE_STRICT_OBJC_MSGSEND = YES;
				ENABLE_TESTABILITY = YES;
				ENABLE_USER_SCRIPT_SANDBOXING = YES;
				GCC_C_LANGUAGE_STANDARD = gnu17;
				GCC_DYNAMIC_NO_PIC = NO;
				GCC_NO_COMMON_BLOCKS = YES;
				GCC_OPTIMIZATION_LEVEL = 0;
				GCC_PREPROCESSOR_DEFINITIONS = (
					"DEBUG=1",
					"$(inherited)",
				);
				GCC_WARN_64_TO_32_BIT_CONVERSION = YES;
				GCC_WARN_ABOUT_RETURN_TYPE = YES_ERROR;
				GCC_WARN_UNDECLARED_SELECTOR = YES;
				GCC_WARN_UNINITIALIZED_AUTOS = YES_AGGRESSIVE;
				GCC_WARN_UNUSED_FUNCTION = YES;
				GCC_WARN_UNUSED_VARIABLE = YES;
				IPHONEOS_DEPLOYMENT_TARGET = 17.5;
				LOCALIZATION_PREFERS_STRING_CATALOGS = YES;
				MTL_ENABLE_DEBUG_INFO = INCLUDE_SOURCE;
				MTL_FAST_MATH = YES;
				ONLY_ACTIVE_ARCH = YES;
				SDKROOT = iphoneos;
				SWIFT_ACTIVE_COMPILATION_CONDITIONS = "DEBUG $(inherited)";
				SWIFT_OPTIMIZATION_LEVEL = "-Onone";
			};
			name = Debug;
		};
		FCBA806A2C789CBD0082BF2C /* Release */ = {
			isa = XCBuildConfiguration;
			buildSettings = {
				ALWAYS_SEARCH_USER_PATHS = NO;
				ASSETCATALOG_COMPILER_GENERATE_SWIFT_ASSET_SYMBOL_EXTENSIONS = YES;
				CLANG_ANALYZER_NONNULL = YES;
				CLANG_ANALYZER_NUMBER_OBJECT_CONVERSION = YES_AGGRESSIVE;
				CLANG_CXX_LANGUAGE_STANDARD = "gnu++20";
				CLANG_ENABLE_MODULES = YES;
				CLANG_ENABLE_OBJC_ARC = YES;
				CLANG_ENABLE_OBJC_WEAK = YES;
				CLANG_WARN_BLOCK_CAPTURE_AUTORELEASING = YES;
				CLANG_WARN_BOOL_CONVERSION = YES;
				CLANG_WARN_COMMA = YES;
				CLANG_WARN_CONSTANT_CONVERSION = YES;
				CLANG_WARN_DEPRECATED_OBJC_IMPLEMENTATIONS = YES;
				CLANG_WARN_DIRECT_OBJC_ISA_USAGE = YES_ERROR;
				CLANG_WARN_DOCUMENTATION_COMMENTS = YES;
				CLANG_WARN_EMPTY_BODY = YES;
				CLANG_WARN_ENUM_CONVERSION = YES;
				CLANG_WARN_INFINITE_RECURSION = YES;
				CLANG_WARN_INT_CONVERSION = YES;
				CLANG_WARN_NON_LITERAL_NULL_CONVERSION = YES;
				CLANG_WARN_OBJC_IMPLICIT_RETAIN_SELF = YES;
				CLANG_WARN_OBJC_LITERAL_CONVERSION = YES;
				CLANG_WARN_OBJC_ROOT_CLASS = YES_ERROR;
				CLANG_WARN_QUOTED_INCLUDE_IN_FRAMEWORK_HEADER = YES;
				CLANG_WARN_RANGE_LOOP_ANALYSIS = YES;
				CLANG_WARN_STRICT_PROTOTYPES = YES;
				CLANG_WARN_SUSPICIOUS_MOVE = YES;
				CLANG_WARN_UNGUARDED_AVAILABILITY = YES_AGGRESSIVE;
				CLANG_WARN_UNREACHABLE_CODE = YES;
				CLANG_WARN__DUPLICATE_METHOD_MATCH = YES;
				COPY_PHASE_STRIP = NO;
				DEBUG_INFORMATION_FORMAT = "dwarf-with-dsym";
				ENABLE_NS_ASSERTIONS = NO;
				ENABLE_STRICT_OBJC_MSGSEND = YES;
				ENABLE_USER_SCRIPT_SANDBOXING = YES;
				GCC_C_LANGUAGE_STANDARD = gnu17;
				GCC_NO_COMMON_BLOCKS = YES;
				GCC_WARN_64_TO_32_BIT_CONVERSION = YES;
				GCC_WARN_ABOUT_RETURN_TYPE = YES_ERROR;
				GCC_WARN_UNDECLARED_SELECTOR = YES;
				GCC_WARN_UNINITIALIZED_AUTOS = YES_AGGRESSIVE;
				GCC_WARN_UNUSED_FUNCTION = YES;
				GCC_WARN_UNUSED_VARIABLE = YES;
				IPHONEOS_DEPLOYMENT_TARGET = 17.5;
				LOCALIZATION_PREFERS_STRING_CATALOGS = YES;
				MTL_ENABLE_DEBUG_INFO = NO;
				MTL_FAST_MATH = YES;
				SDKROOT = iphoneos;
				SWIFT_COMPILATION_MODE = wholemodule;
				VALIDATE_PRODUCT = YES;
			};
			name = Release;
		};
		FCBA806C2C789CBD0082BF2C /* Debug */ = {
			isa = XCBuildConfiguration;
			buildSettings = {
				ASSETCATALOG_COMPILER_APPICON_NAME = AppIcon;
				ASSETCATALOG_COMPILER_GLOBAL_ACCENT_COLOR_NAME = AccentColor;
				CODE_SIGN_STYLE = Automatic;
				CURRENT_PROJECT_VERSION = 1;
				DEVELOPMENT_TEAM = 527U829H6E;
				GENERATE_INFOPLIST_FILE = YES;
				INFOPLIST_FILE = "layout#2Build/Info.plist";
				INFOPLIST_KEY_UIApplicationSupportsIndirectInputEvents = YES;
				INFOPLIST_KEY_UILaunchStoryboardName = LaunchScreen;
				INFOPLIST_KEY_UISupportedInterfaceOrientations = UIInterfaceOrientationPortrait;
				INFOPLIST_KEY_UISupportedInterfaceOrientations_iPad = "UIInterfaceOrientationLandscapeLeft UIInterfaceOrientationLandscapeRight UIInterfaceOrientationPortrait UIInterfaceOrientationPortraitUpsideDown";
				LD_RUNPATH_SEARCH_PATHS = (
					"$(inherited)",
					"@executable_path/Frameworks",
				);
				MARKETING_VERSION = 1.0;
				PRODUCT_BUNDLE_IDENTIFIER = "AlexKolch.layout-2Build";
				PRODUCT_NAME = "$(TARGET_NAME)";
				SUPPORTED_PLATFORMS = "iphoneos iphonesimulator";
				SUPPORTS_MACCATALYST = NO;
				SUPPORTS_MAC_DESIGNED_FOR_IPHONE_IPAD = NO;
				SUPPORTS_XR_DESIGNED_FOR_IPHONE_IPAD = NO;
				SWIFT_EMIT_LOC_STRINGS = YES;
				SWIFT_VERSION = 5.0;
				TARGETED_DEVICE_FAMILY = 1;
			};
			name = Debug;
		};
		FCBA806D2C789CBD0082BF2C /* Release */ = {
			isa = XCBuildConfiguration;
			buildSettings = {
				ASSETCATALOG_COMPILER_APPICON_NAME = AppIcon;
				ASSETCATALOG_COMPILER_GLOBAL_ACCENT_COLOR_NAME = AccentColor;
				CODE_SIGN_STYLE = Automatic;
				CURRENT_PROJECT_VERSION = 1;
				DEVELOPMENT_TEAM = 527U829H6E;
				GENERATE_INFOPLIST_FILE = YES;
				INFOPLIST_FILE = "layout#2Build/Info.plist";
				INFOPLIST_KEY_UIApplicationSupportsIndirectInputEvents = YES;
				INFOPLIST_KEY_UILaunchStoryboardName = LaunchScreen;
				INFOPLIST_KEY_UISupportedInterfaceOrientations = UIInterfaceOrientationPortrait;
				INFOPLIST_KEY_UISupportedInterfaceOrientations_iPad = "UIInterfaceOrientationLandscapeLeft UIInterfaceOrientationLandscapeRight UIInterfaceOrientationPortrait UIInterfaceOrientationPortraitUpsideDown";
				LD_RUNPATH_SEARCH_PATHS = (
					"$(inherited)",
					"@executable_path/Frameworks",
				);
				MARKETING_VERSION = 1.0;
				PRODUCT_BUNDLE_IDENTIFIER = "AlexKolch.layout-2Build";
				PRODUCT_NAME = "$(TARGET_NAME)";
				SUPPORTED_PLATFORMS = "iphoneos iphonesimulator";
				SUPPORTS_MACCATALYST = NO;
				SUPPORTS_MAC_DESIGNED_FOR_IPHONE_IPAD = NO;
				SUPPORTS_XR_DESIGNED_FOR_IPHONE_IPAD = NO;
				SWIFT_EMIT_LOC_STRINGS = YES;
				SWIFT_VERSION = 5.0;
				TARGETED_DEVICE_FAMILY = 1;
			};
			name = Release;
		};
/* End XCBuildConfiguration section */

/* Begin XCConfigurationList section */
		FCBA80522C789CBB0082BF2C /* Build configuration list for PBXProject "layout#2Build" */ = {
			isa = XCConfigurationList;
			buildConfigurations = (
				FCBA80692C789CBD0082BF2C /* Debug */,
				FCBA806A2C789CBD0082BF2C /* Release */,
			);
			defaultConfigurationIsVisible = 0;
			defaultConfigurationName = Release;
		};
		FCBA806B2C789CBD0082BF2C /* Build configuration list for PBXNativeTarget "layout#2Build" */ = {
			isa = XCConfigurationList;
			buildConfigurations = (
				FCBA806C2C789CBD0082BF2C /* Debug */,
				FCBA806D2C789CBD0082BF2C /* Release */,
			);
			defaultConfigurationIsVisible = 0;
			defaultConfigurationName = Release;
		};
/* End XCConfigurationList section */
	};
	rootObject = FCBA804F2C789CBB0082BF2C /* Project object */;
}
